// !$*UTF8*$!
{
	archiveVersion = 1;
	classes = {
	};
	objectVersion = 52;
	objects = {

/* Begin PBXBuildFile section */
		E286BC4C2421378D00392B8A /* MainController.swift in Sources */ = {isa = PBXBuildFile; fileRef = E286BC4B2421378D00392B8A /* MainController.swift */; };
		E286BC4F24213B8A00392B8A /* LBTATools in Frameworks */ = {isa = PBXBuildFile; productRef = E286BC4E24213B8A00392B8A /* LBTATools */; };
		E286BC5124213F9200392B8A /* PhotosGridController.swift in Sources */ = {isa = PBXBuildFile; fileRef = E286BC5024213F9200392B8A /* PhotosGridController.swift */; };
		E2BDB034241A5B9D00BBE70A /* AppDelegate.swift in Sources */ = {isa = PBXBuildFile; fileRef = E2BDB033241A5B9D00BBE70A /* AppDelegate.swift */; };
		E2BDB036241A5B9D00BBE70A /* SceneDelegate.swift in Sources */ = {isa = PBXBuildFile; fileRef = E2BDB035241A5B9D00BBE70A /* SceneDelegate.swift */; };
		E2BDB038241A5B9D00BBE70A /* ContentView.swift in Sources */ = {isa = PBXBuildFile; fileRef = E2BDB037241A5B9D00BBE70A /* ContentView.swift */; };
		E2BDB03A241A5B9F00BBE70A /* Assets.xcassets in Resources */ = {isa = PBXBuildFile; fileRef = E2BDB039241A5B9F00BBE70A /* Assets.xcassets */; };
		E2BDB03D241A5B9F00BBE70A /* Preview Assets.xcassets in Resources */ = {isa = PBXBuildFile; fileRef = E2BDB03C241A5B9F00BBE70A /* Preview Assets.xcassets */; };
		E2BDB040241A5B9F00BBE70A /* LaunchScreen.storyboard in Resources */ = {isa = PBXBuildFile; fileRef = E2BDB03E241A5B9F00BBE70A /* LaunchScreen.storyboard */; };
		E2BDB04B241A5B9F00BBE70A /* facebook_cloneTests.swift in Sources */ = {isa = PBXBuildFile; fileRef = E2BDB04A241A5B9F00BBE70A /* facebook_cloneTests.swift */; };
/* End PBXBuildFile section */

/* Begin PBXContainerItemProxy section */
		E2BDB047241A5B9F00BBE70A /* PBXContainerItemProxy */ = {
			isa = PBXContainerItemProxy;
			containerPortal = E2BDB028241A5B9D00BBE70A /* Project object */;
			proxyType = 1;
			remoteGlobalIDString = E2BDB02F241A5B9D00BBE70A;
			remoteInfo = "facebook-clone";
		};
/* End PBXContainerItemProxy section */

/* Begin PBXFileReference section */
		E286BC4B2421378D00392B8A /* MainController.swift */ = {isa = PBXFileReference; lastKnownFileType = sourcecode.swift; path = MainController.swift; sourceTree = "<group>"; };
		E286BC5024213F9200392B8A /* PhotosGridController.swift */ = {isa = PBXFileReference; lastKnownFileType = sourcecode.swift; path = PhotosGridController.swift; sourceTree = "<group>"; };
		E2BDB030241A5B9D00BBE70A /* facebook-clone.app */ = {isa = PBXFileReference; explicitFileType = wrapper.application; includeInIndex = 0; path = "facebook-clone.app"; sourceTree = BUILT_PRODUCTS_DIR; };
		E2BDB033241A5B9D00BBE70A /* AppDelegate.swift */ = {isa = PBXFileReference; lastKnownFileType = sourcecode.swift; path = AppDelegate.swift; sourceTree = "<group>"; };
		E2BDB035241A5B9D00BBE70A /* SceneDelegate.swift */ = {isa = PBXFileReference; lastKnownFileType = sourcecode.swift; path = SceneDelegate.swift; sourceTree = "<group>"; };
		E2BDB037241A5B9D00BBE70A /* ContentView.swift */ = {isa = PBXFileReference; lastKnownFileType = sourcecode.swift; path = ContentView.swift; sourceTree = "<group>"; };
		E2BDB039241A5B9F00BBE70A /* Assets.xcassets */ = {isa = PBXFileReference; lastKnownFileType = folder.assetcatalog; path = Assets.xcassets; sourceTree = "<group>"; };
		E2BDB03C241A5B9F00BBE70A /* Preview Assets.xcassets */ = {isa = PBXFileReference; lastKnownFileType = folder.assetcatalog; path = "Preview Assets.xcassets"; sourceTree = "<group>"; };
		E2BDB03F241A5B9F00BBE70A /* Base */ = {isa = PBXFileReference; lastKnownFileType = file.storyboard; name = Base; path = Base.lproj/LaunchScreen.storyboard; sourceTree = "<group>"; };
		E2BDB041241A5B9F00BBE70A /* Info.plist */ = {isa = PBXFileReference; lastKnownFileType = text.plist.xml; path = Info.plist; sourceTree = "<group>"; };
		E2BDB046241A5B9F00BBE70A /* facebook-cloneTests.xctest */ = {isa = PBXFileReference; explicitFileType = wrapper.cfbundle; includeInIndex = 0; path = "facebook-cloneTests.xctest"; sourceTree = BUILT_PRODUCTS_DIR; };
		E2BDB04A241A5B9F00BBE70A /* facebook_cloneTests.swift */ = {isa = PBXFileReference; lastKnownFileType = sourcecode.swift; path = facebook_cloneTests.swift; sourceTree = "<group>"; };
		E2BDB04C241A5B9F00BBE70A /* Info.plist */ = {isa = PBXFileReference; lastKnownFileType = text.plist.xml; path = Info.plist; sourceTree = "<group>"; };
/* End PBXFileReference section */

/* Begin PBXFrameworksBuildPhase section */
		E2BDB02D241A5B9D00BBE70A /* Frameworks */ = {
			isa = PBXFrameworksBuildPhase;
			buildActionMask = 2147483647;
			files = (
				E286BC4F24213B8A00392B8A /* LBTATools in Frameworks */,
			);
			runOnlyForDeploymentPostprocessing = 0;
		};
		E2BDB043241A5B9F00BBE70A /* Frameworks */ = {
			isa = PBXFrameworksBuildPhase;
			buildActionMask = 2147483647;
			files = (
			);
			runOnlyForDeploymentPostprocessing = 0;
		};
/* End PBXFrameworksBuildPhase section */

/* Begin PBXGroup section */
		E2BDB027241A5B9D00BBE70A = {
			isa = PBXGroup;
			children = (
				E2BDB032241A5B9D00BBE70A /* facebook-clone */,
				E2BDB049241A5B9F00BBE70A /* facebook-cloneTests */,
				E2BDB031241A5B9D00BBE70A /* Products */,
			);
			sourceTree = "<group>";
		};
		E2BDB031241A5B9D00BBE70A /* Products */ = {
			isa = PBXGroup;
			children = (
				E2BDB030241A5B9D00BBE70A /* facebook-clone.app */,
				E2BDB046241A5B9F00BBE70A /* facebook-cloneTests.xctest */,
			);
			name = Products;
			sourceTree = "<group>";
		};
		E2BDB032241A5B9D00BBE70A /* facebook-clone */ = {
			isa = PBXGroup;
			children = (
				E2BDB033241A5B9D00BBE70A /* AppDelegate.swift */,
				E2BDB035241A5B9D00BBE70A /* SceneDelegate.swift */,
				E2BDB037241A5B9D00BBE70A /* ContentView.swift */,
				E2BDB039241A5B9F00BBE70A /* Assets.xcassets */,
				E2BDB03E241A5B9F00BBE70A /* LaunchScreen.storyboard */,
				E2BDB041241A5B9F00BBE70A /* Info.plist */,
				E2BDB03B241A5B9F00BBE70A /* Preview Content */,
				E286BC4B2421378D00392B8A /* MainController.swift */,
				E286BC5024213F9200392B8A /* PhotosGridController.swift */,
			);
			path = "facebook-clone";
			sourceTree = "<group>";
		};
		E2BDB03B241A5B9F00BBE70A /* Preview Content */ = {
			isa = PBXGroup;
			children = (
				E2BDB03C241A5B9F00BBE70A /* Preview Assets.xcassets */,
			);
			path = "Preview Content";
			sourceTree = "<group>";
		};
		E2BDB049241A5B9F00BBE70A /* facebook-cloneTests */ = {
			isa = PBXGroup;
			children = (
				E2BDB04A241A5B9F00BBE70A /* facebook_cloneTests.swift */,
				E2BDB04C241A5B9F00BBE70A /* Info.plist */,
			);
			path = "facebook-cloneTests";
			sourceTree = "<group>";
		};
/* End PBXGroup section */

/* Begin PBXNativeTarget section */
		E2BDB02F241A5B9D00BBE70A /* facebook-clone */ = {
			isa = PBXNativeTarget;
			buildConfigurationList = E2BDB04F241A5B9F00BBE70A /* Build configuration list for PBXNativeTarget "facebook-clone" */;
			buildPhases = (
				E2BDB02C241A5B9D00BBE70A /* Sources */,
				E2BDB02D241A5B9D00BBE70A /* Frameworks */,
				E2BDB02E241A5B9D00BBE70A /* Resources */,
			);
			buildRules = (
			);
			dependencies = (
			);
			name = "facebook-clone";
			packageProductDependencies = (
				E286BC4E24213B8A00392B8A /* LBTATools */,
			);
			productName = "facebook-clone";
			productReference = E2BDB030241A5B9D00BBE70A /* facebook-clone.app */;
			productType = "com.apple.product-type.application";
		};
		E2BDB045241A5B9F00BBE70A /* facebook-cloneTests */ = {
			isa = PBXNativeTarget;
			buildConfigurationList = E2BDB052241A5B9F00BBE70A /* Build configuration list for PBXNativeTarget "facebook-cloneTests" */;
			buildPhases = (
				E2BDB042241A5B9F00BBE70A /* Sources */,
				E2BDB043241A5B9F00BBE70A /* Frameworks */,
				E2BDB044241A5B9F00BBE70A /* Resources */,
			);
			buildRules = (
			);
			dependencies = (
				E2BDB048241A5B9F00BBE70A /* PBXTargetDependency */,
			);
			name = "facebook-cloneTests";
			productName = "facebook-cloneTests";
			productReference = E2BDB046241A5B9F00BBE70A /* facebook-cloneTests.xctest */;
			productType = "com.apple.product-type.bundle.unit-test";
		};
/* End PBXNativeTarget section */

/* Begin PBXProject section */
		E2BDB028241A5B9D00BBE70A /* Project object */ = {
			isa = PBXProject;
			attributes = {
				LastSwiftUpdateCheck = 1130;
				LastUpgradeCheck = 1130;
				ORGANIZATIONNAME = "Vincent Deli";
				TargetAttributes = {
					E2BDB02F241A5B9D00BBE70A = {
						CreatedOnToolsVersion = 11.3.1;
					};
					E2BDB045241A5B9F00BBE70A = {
						CreatedOnToolsVersion = 11.3.1;
						TestTargetID = E2BDB02F241A5B9D00BBE70A;
					};
				};
			};
			buildConfigurationList = E2BDB02B241A5B9D00BBE70A /* Build configuration list for PBXProject "facebook-clone" */;
			compatibilityVersion = "Xcode 9.3";
			developmentRegion = en;
			hasScannedForEncodings = 0;
			knownRegions = (
				en,
				Base,
			);
			mainGroup = E2BDB027241A5B9D00BBE70A;
			packageReferences = (
				E286BC4D24213B8A00392B8A /* XCRemoteSwiftPackageReference "LBTATools" */,
			);
			productRefGroup = E2BDB031241A5B9D00BBE70A /* Products */;
			projectDirPath = "";
			projectRoot = "";
			targets = (
				E2BDB02F241A5B9D00BBE70A /* facebook-clone */,
				E2BDB045241A5B9F00BBE70A /* facebook-cloneTests */,
			);
		};
/* End PBXProject section */

/* Begin PBXResourcesBuildPhase section */
		E2BDB02E241A5B9D00BBE70A /* Resources */ = {
			isa = PBXResourcesBuildPhase;
			buildActionMask = 2147483647;
			files = (
				E2BDB040241A5B9F00BBE70A /* LaunchScreen.storyboard in Resources */,
				E2BDB03D241A5B9F00BBE70A /* Preview Assets.xcassets in Resources */,
				E2BDB03A241A5B9F00BBE70A /* Assets.xcassets in Resources */,
			);
			runOnlyForDeploymentPostprocessing = 0;
		};
		E2BDB044241A5B9F00BBE70A /* Resources */ = {
			isa = PBXResourcesBuildPhase;
			buildActionMask = 2147483647;
			files = (
			);
			runOnlyForDeploymentPostprocessing = 0;
		};
/* End PBXResourcesBuildPhase section */

/* Begin PBXSourcesBuildPhase section */
		E2BDB02C241A5B9D00BBE70A /* Sources */ = {
			isa = PBXSourcesBuildPhase;
			buildActionMask = 2147483647;
			files = (
				E286BC4C2421378D00392B8A /* MainController.swift in Sources */,
				E2BDB034241A5B9D00BBE70A /* AppDelegate.swift in Sources */,
				E2BDB036241A5B9D00BBE70A /* SceneDelegate.swift in Sources */,
				E286BC5124213F9200392B8A /* PhotosGridController.swift in Sources */,
				E2BDB038241A5B9D00BBE70A /* ContentView.swift in Sources */,
			);
			runOnlyForDeploymentPostprocessing = 0;
		};
		E2BDB042241A5B9F00BBE70A /* Sources */ = {
			isa = PBXSourcesBuildPhase;
			buildActionMask = 2147483647;
			files = (
				E2BDB04B241A5B9F00BBE70A /* facebook_cloneTests.swift in Sources */,
			);
			runOnlyForDeploymentPostprocessing = 0;
		};
/* End PBXSourcesBuildPhase section */

/* Begin PBXTargetDependency section */
		E2BDB048241A5B9F00BBE70A /* PBXTargetDependency */ = {
			isa = PBXTargetDependency;
			target = E2BDB02F241A5B9D00BBE70A /* facebook-clone */;
			targetProxy = E2BDB047241A5B9F00BBE70A /* PBXContainerItemProxy */;
		};
/* End PBXTargetDependency section */

/* Begin PBXVariantGroup section */
		E2BDB03E241A5B9F00BBE70A /* LaunchScreen.storyboard */ = {
			isa = PBXVariantGroup;
			children = (
				E2BDB03F241A5B9F00BBE70A /* Base */,
			);
			name = LaunchScreen.storyboard;
			sourceTree = "<group>";
		};
/* End PBXVariantGroup section */

/* Begin XCBuildConfiguration section */
		E2BDB04D241A5B9F00BBE70A /* Debug */ = {
			isa = XCBuildConfiguration;
			buildSettings = {
				ALWAYS_SEARCH_USER_PATHS = NO;
				CLANG_ANALYZER_NONNULL = YES;
				CLANG_ANALYZER_NUMBER_OBJECT_CONVERSION = YES_AGGRESSIVE;
				CLANG_CXX_LANGUAGE_STANDARD = "gnu++14";
				CLANG_CXX_LIBRARY = "libc++";
				CLANG_ENABLE_MODULES = YES;
				CLANG_ENABLE_OBJC_ARC = YES;
				CLANG_ENABLE_OBJC_WEAK = YES;
				CLANG_WARN_BLOCK_CAPTURE_AUTORELEASING = YES;
				CLANG_WARN_BOOL_CONVERSION = YES;
				CLANG_WARN_COMMA = YES;
				CLANG_WARN_CONSTANT_CONVERSION = YES;
				CLANG_WARN_DEPRECATED_OBJC_IMPLEMENTATIONS = YES;
				CLANG_WARN_DIRECT_OBJC_ISA_USAGE = YES_ERROR;
				CLANG_WARN_DOCUMENTATION_COMMENTS = YES;
				CLANG_WARN_EMPTY_BODY = YES;
				CLANG_WARN_ENUM_CONVERSION = YES;
				CLANG_WARN_INFINITE_RECURSION = YES;
				CLANG_WARN_INT_CONVERSION = YES;
				CLANG_WARN_NON_LITERAL_NULL_CONVERSION = YES;
				CLANG_WARN_OBJC_IMPLICIT_RETAIN_SELF = YES;
				CLANG_WARN_OBJC_LITERAL_CONVERSION = YES;
				CLANG_WARN_OBJC_ROOT_CLASS = YES_ERROR;
				CLANG_WARN_RANGE_LOOP_ANALYSIS = YES;
				CLANG_WARN_STRICT_PROTOTYPES = YES;
				CLANG_WARN_SUSPICIOUS_MOVE = YES;
				CLANG_WARN_UNGUARDED_AVAILABILITY = YES_AGGRESSIVE;
				CLANG_WARN_UNREACHABLE_CODE = YES;
				CLANG_WARN__DUPLICATE_METHOD_MATCH = YES;
				COPY_PHASE_STRIP = NO;
				DEBUG_INFORMATION_FORMAT = dwarf;
				ENABLE_STRICT_OBJC_MSGSEND = YES;
				ENABLE_TESTABILITY = YES;
				GCC_C_LANGUAGE_STANDARD = gnu11;
				GCC_DYNAMIC_NO_PIC = NO;
				GCC_NO_COMMON_BLOCKS = YES;
				GCC_OPTIMIZATION_LEVEL = 0;
				GCC_PREPROCESSOR_DEFINITIONS = (
					"DEBUG=1",
					"$(inherited)",
				);
				GCC_WARN_64_TO_32_BIT_CONVERSION = YES;
				GCC_WARN_ABOUT_RETURN_TYPE = YES_ERROR;
				GCC_WARN_UNDECLARED_SELECTOR = YES;
				GCC_WARN_UNINITIALIZED_AUTOS = YES_AGGRESSIVE;
				GCC_WARN_UNUSED_FUNCTION = YES;
				GCC_WARN_UNUSED_VARIABLE = YES;
				IPHONEOS_DEPLOYMENT_TARGET = 13.2;
				MTL_ENABLE_DEBUG_INFO = INCLUDE_SOURCE;
				MTL_FAST_MATH = YES;
				ONLY_ACTIVE_ARCH = YES;
				SDKROOT = iphoneos;
				SWIFT_ACTIVE_COMPILATION_CONDITIONS = DEBUG;
				SWIFT_OPTIMIZATION_LEVEL = "-Onone";
			};
			name = Debug;
		};
		E2BDB04E241A5B9F00BBE70A /* Release */ = {
			isa = XCBuildConfiguration;
			buildSettings = {
				ALWAYS_SEARCH_USER_PATHS = NO;
				CLANG_ANALYZER_NONNULL = YES;
				CLANG_ANALYZER_NUMBER_OBJECT_CONVERSION = YES_AGGRESSIVE;
				CLANG_CXX_LANGUAGE_STANDARD = "gnu++14";
				CLANG_CXX_LIBRARY = "libc++";
				CLANG_ENABLE_MODULES = YES;
				CLANG_ENABLE_OBJC_ARC = YES;
				CLANG_ENABLE_OBJC_WEAK = YES;
				CLANG_WARN_BLOCK_CAPTURE_AUTORELEASING = YES;
				CLANG_WARN_BOOL_CONVERSION = YES;
				CLANG_WARN_COMMA = YES;
				CLANG_WARN_CONSTANT_CONVERSION = YES;
				CLANG_WARN_DEPRECATED_OBJC_IMPLEMENTATIONS = YES;
				CLANG_WARN_DIRECT_OBJC_ISA_USAGE = YES_ERROR;
				CLANG_WARN_DOCUMENTATION_COMMENTS = YES;
				CLANG_WARN_EMPTY_BODY = YES;
				CLANG_WARN_ENUM_CONVERSION = YES;
				CLANG_WARN_INFINITE_RECURSION = YES;
				CLANG_WARN_INT_CONVERSION = YES;
				CLANG_WARN_NON_LITERAL_NULL_CONVERSION = YES;
				CLANG_WARN_OBJC_IMPLICIT_RETAIN_SELF = YES;
				CLANG_WARN_OBJC_LITERAL_CONVERSION = YES;
				CLANG_WARN_OBJC_ROOT_CLASS = YES_ERROR;
				CLANG_WARN_RANGE_LOOP_ANALYSIS = YES;
				CLANG_WARN_STRICT_PROTOTYPES = YES;
				CLANG_WARN_SUSPICIOUS_MOVE = YES;
				CLANG_WARN_UNGUARDED_AVAILABILITY = YES_AGGRESSIVE;
				CLANG_WARN_UNREACHABLE_CODE = YES;
				CLANG_WARN__DUPLICATE_METHOD_MATCH = YES;
				COPY_PHASE_STRIP = NO;
				DEBUG_INFORMATION_FORMAT = "dwarf-with-dsym";
				ENABLE_NS_ASSERTIONS = NO;
				ENABLE_STRICT_OBJC_MSGSEND = YES;
				GCC_C_LANGUAGE_STANDARD = gnu11;
				GCC_NO_COMMON_BLOCKS = YES;
				GCC_WARN_64_TO_32_BIT_CONVERSION = YES;
				GCC_WARN_ABOUT_RETURN_TYPE = YES_ERROR;
				GCC_WARN_UNDECLARED_SELECTOR = YES;
				GCC_WARN_UNINITIALIZED_AUTOS = YES_AGGRESSIVE;
				GCC_WARN_UNUSED_FUNCTION = YES;
				GCC_WARN_UNUSED_VARIABLE = YES;
				IPHONEOS_DEPLOYMENT_TARGET = 13.2;
				MTL_ENABLE_DEBUG_INFO = NO;
				MTL_FAST_MATH = YES;
				SDKROOT = iphoneos;
				SWIFT_COMPILATION_MODE = wholemodule;
				SWIFT_OPTIMIZATION_LEVEL = "-O";
				VALIDATE_PRODUCT = YES;
			};
			name = Release;
		};
		E2BDB050241A5B9F00BBE70A /* Debug */ = {
			isa = XCBuildConfiguration;
			buildSettings = {
				ASSETCATALOG_COMPILER_APPICON_NAME = AppIcon;
				CODE_SIGN_STYLE = Automatic;
				DEVELOPMENT_ASSET_PATHS = "\"facebook-clone/Preview Content\"";
				ENABLE_PREVIEWS = YES;
				INFOPLIST_FILE = "facebook-clone/Info.plist";
				LD_RUNPATH_SEARCH_PATHS = (
					"$(inherited)",
					"@executable_path/Frameworks",
				);
				PRODUCT_BUNDLE_IDENTIFIER = "com.vincentkdeli.facebook-clone";
				PRODUCT_NAME = "$(TARGET_NAME)";
				SWIFT_VERSION = 5.0;
				TARGETED_DEVICE_FAMILY = "1,2";
			};
			name = Debug;
		};
		E2BDB051241A5B9F00BBE70A /* Release */ = {
			isa = XCBuildConfiguration;
			buildSettings = {
				ASSETCATALOG_COMPILER_APPICON_NAME = AppIcon;
				CODE_SIGN_STYLE = Automatic;
				DEVELOPMENT_ASSET_PATHS = "\"facebook-clone/Preview Content\"";
				ENABLE_PREVIEWS = YES;
				INFOPLIST_FILE = "facebook-clone/Info.plist";
				LD_RUNPATH_SEARCH_PATHS = (
					"$(inherited)",
					"@executable_path/Frameworks",
				);
				PRODUCT_BUNDLE_IDENTIFIER = "com.vincentkdeli.facebook-clone";
				PRODUCT_NAME = "$(TARGET_NAME)";
				SWIFT_VERSION = 5.0;
				TARGETED_DEVICE_FAMILY = "1,2";
			};
			name = Release;
		};
		E2BDB053241A5B9F00BBE70A /* Debug */ = {
			isa = XCBuildConfiguration;
			buildSettings = {
				ALWAYS_EMBED_SWIFT_STANDARD_LIBRARIES = YES;
				BUNDLE_LOADER = "$(TEST_HOST)";
				CODE_SIGN_STYLE = Automatic;
				INFOPLIST_FILE = "facebook-cloneTests/Info.plist";
				IPHONEOS_DEPLOYMENT_TARGET = 13.2;
				LD_RUNPATH_SEARCH_PATHS = (
					"$(inherited)",
					"@executable_path/Frameworks",
					"@loader_path/Frameworks",
				);
				PRODUCT_BUNDLE_IDENTIFIER = "com.vincentkdeli.facebook-cloneTests";
				PRODUCT_NAME = "$(TARGET_NAME)";
				SWIFT_VERSION = 5.0;
				TARGETED_DEVICE_FAMILY = "1,2";
				TEST_HOST = "$(BUILT_PRODUCTS_DIR)/facebook-clone.app/facebook-clone";
			};
			name = Debug;
		};
		E2BDB054241A5B9F00BBE70A /* Release */ = {
			isa = XCBuildConfiguration;
			buildSettings = {
				ALWAYS_EMBED_SWIFT_STANDARD_LIBRARIES = YES;
				BUNDLE_LOADER = "$(TEST_HOST)";
				CODE_SIGN_STYLE = Automatic;
				INFOPLIST_FILE = "facebook-cloneTests/Info.plist";
				IPHONEOS_DEPLOYMENT_TARGET = 13.2;
				LD_RUNPATH_SEARCH_PATHS = (
					"$(inherited)",
					"@executable_path/Frameworks",
					"@loader_path/Frameworks",
				);
				PRODUCT_BUNDLE_IDENTIFIER = "com.vincentkdeli.facebook-cloneTests";
				PRODUCT_NAME = "$(TARGET_NAME)";
				SWIFT_VERSION = 5.0;
				TARGETED_DEVICE_FAMILY = "1,2";
				TEST_HOST = "$(BUILT_PRODUCTS_DIR)/facebook-clone.app/facebook-clone";
			};
			name = Release;
		};
/* End XCBuildConfiguration section */

/* Begin XCConfigurationList section */
		E2BDB02B241A5B9D00BBE70A /* Build configuration list for PBXProject "facebook-clone" */ = {
			isa = XCConfigurationList;
			buildConfigurations = (
				E2BDB04D241A5B9F00BBE70A /* Debug */,
				E2BDB04E241A5B9F00BBE70A /* Release */,
			);
			defaultConfigurationIsVisible = 0;
			defaultConfigurationName = Release;
		};
		E2BDB04F241A5B9F00BBE70A /* Build configuration list for PBXNativeTarget "facebook-clone" */ = {
			isa = XCConfigurationList;
			buildConfigurations = (
				E2BDB050241A5B9F00BBE70A /* Debug */,
				E2BDB051241A5B9F00BBE70A /* Release */,
			);
			defaultConfigurationIsVisible = 0;
			defaultConfigurationName = Release;
		};
		E2BDB052241A5B9F00BBE70A /* Build configuration list for PBXNativeTarget "facebook-cloneTests" */ = {
			isa = XCConfigurationList;
			buildConfigurations = (
				E2BDB053241A5B9F00BBE70A /* Debug */,
				E2BDB054241A5B9F00BBE70A /* Release */,
			);
			defaultConfigurationIsVisible = 0;
			defaultConfigurationName = Release;
		};
/* End XCConfigurationList section */

/* Begin XCRemoteSwiftPackageReference section */
		E286BC4D24213B8A00392B8A /* XCRemoteSwiftPackageReference "LBTATools" */ = {
			isa = XCRemoteSwiftPackageReference;
			repositoryURL = "https://github.com/bhlvoong/LBTATools.git";
			requirement = {
				kind = upToNextMajorVersion;
				minimumVersion = 1.0.12;
			};
		};
/* End XCRemoteSwiftPackageReference section */

/* Begin XCSwiftPackageProductDependency section */
		E286BC4E24213B8A00392B8A /* LBTATools */ = {
			isa = XCSwiftPackageProductDependency;
			package = E286BC4D24213B8A00392B8A /* XCRemoteSwiftPackageReference "LBTATools" */;
			productName = LBTATools;
		};
/* End XCSwiftPackageProductDependency section */
	};
	rootObject = E2BDB028241A5B9D00BBE70A /* Project object */;
}
